
Microsoft Visual Studio Solution File, Format Version 12.00
# Visual Studio 15
VisualStudioVersion = 15.0.28307.168
MinimumVisualStudioVersion = 10.0.40219.1
Project("{262852C6-CD72-467D-83FE-5EEB1973A190}") = "csd2214-745116", "csd2214-745116\csd2214-745116.jsproj", "{B75772C6-4021-4135-881A-39F41AE8180D}"
EndProject
Project("{262852C6-CD72-467D-83FE-5EEB1973A190}") = "Csd2214table", "Csd2214table\Csd2214table.jsproj", "{BA2CF21B-F3C4-460E-AA19-EB72140DDAD0}"
EndProject
Global
	GlobalSection(SolutionConfigurationPlatforms) = preSolution
		Debug|Any CPU = Debug|Any CPU
		Debug|ARM = Debug|ARM
		Debug|ARM64 = Debug|ARM64
		Debug|x64 = Debug|x64
		Debug|x86 = Debug|x86
		Release|Any CPU = Release|Any CPU
		Release|ARM = Release|ARM
		Release|ARM64 = Release|ARM64
		Release|x64 = Release|x64
		Release|x86 = Release|x86
	EndGlobalSection
	GlobalSection(ProjectConfigurationPlatforms) = postSolution
		{B75772C6-4021-4135-881A-39F41AE8180D}.Debug|Any CPU.ActiveCfg = Debug|Any CPU
		{B75772C6-4021-4135-881A-39F41AE8180D}.Debug|Any CPU.Build.0 = Debug|Any CPU
		{B75772C6-4021-4135-881A-39F41AE8180D}.Debug|Any CPU.Deploy.0 = Debug|Any CPU
		{B75772C6-4021-4135-881A-39F41AE8180D}.Debug|ARM.ActiveCfg = Debug|ARM
		{B75772C6-4021-4135-881A-39F41AE8180D}.Debug|ARM.Build.0 = Debug|ARM
		{B75772C6-4021-4135-881A-39F41AE8180D}.Debug|ARM.Deploy.0 = Debug|ARM
		{B75772C6-4021-4135-881A-39F41AE8180D}.Debug|ARM64.ActiveCfg = Debug|ARM64
		{B75772C6-4021-4135-881A-39F41AE8180D}.Debug|ARM64.Build.0 = Debug|ARM64
		{B75772C6-4021-4135-881A-39F41AE8180D}.Debug|ARM64.Deploy.0 = Debug|ARM64
		{B75772C6-4021-4135-881A-39F41AE8180D}.Debug|x64.ActiveCfg = Debug|x64
		{B75772C6-4021-4135-881A-39F41AE8180D}.Debug|x64.Build.0 = Debug|x64
		{B75772C6-4021-4135-881A-39F41AE8180D}.Debug|x64.Deploy.0 = Debug|x64
		{B75772C6-4021-4135-881A-39F41AE8180D}.Debug|x86.ActiveCfg = Debug|x86
		{B75772C6-4021-4135-881A-39F41AE8180D}.Debug|x86.Build.0 = Debug|x86
		{B75772C6-4021-4135-881A-39F41AE8180D}.Debug|x86.Deploy.0 = Debug|x86
		{B75772C6-4021-4135-881A-39F41AE8180D}.Release|Any CPU.ActiveCfg = Release|Any CPU
		{B75772C6-4021-4135-881A-39F41AE8180D}.Release|Any CPU.Build.0 = Release|Any CPU
		{B75772C6-4021-4135-881A-39F41AE8180D}.Release|Any CPU.Deploy.0 = Release|Any CPU
		{B75772C6-4021-4135-881A-39F41AE8180D}.Release|ARM.ActiveCfg = Release|ARM
		{B75772C6-4021-4135-881A-39F41AE8180D}.Release|ARM.Build.0 = Release|ARM
		{B75772C6-4021-4135-881A-39F41AE8180D}.Release|ARM.Deploy.0 = Release|ARM
		{B75772C6-4021-4135-881A-39F41AE8180D}.Release|ARM64.ActiveCfg = Release|ARM64
		{B75772C6-4021-4135-881A-39F41AE8180D}.Release|ARM64.Build.0 = Release|ARM64
		{B75772C6-4021-4135-881A-39F41AE8180D}.Release|ARM64.Deploy.0 = Release|ARM64
		{B75772C6-4021-4135-881A-39F41AE8180D}.Release|x64.ActiveCfg = Release|x64
		{B75772C6-4021-4135-881A-39F41AE8180D}.Release|x64.Build.0 = Release|x64
		{B75772C6-4021-4135-881A-39F41AE8180D}.Release|x64.Deploy.0 = Release|x64
		{B75772C6-4021-4135-881A-39F41AE8180D}.Release|x86.ActiveCfg = Release|x86
		{B75772C6-4021-4135-881A-39F41AE8180D}.Release|x86.Build.0 = Release|x86
		{B75772C6-4021-4135-881A-39F41AE8180D}.Release|x86.Deploy.0 = Release|x86
		{BA2CF21B-F3C4-460E-AA19-EB72140DDAD0}.Debug|Any CPU.ActiveCfg = Debug|Any CPU
		{BA2CF21B-F3C4-460E-AA19-EB72140DDAD0}.Debug|Any CPU.Build.0 = Debug|Any CPU
		{BA2CF21B-F3C4-460E-AA19-EB72140DDAD0}.Debug|Any CPU.Deploy.0 = Debug|Any CPU
		{BA2CF21B-F3C4-460E-AA19-EB72140DDAD0}.Debug|ARM.ActiveCfg = Debug|ARM
		{BA2CF21B-F3C4-460E-AA19-EB72140DDAD0}.Debug|ARM.Build.0 = Debug|ARM
		{BA2CF21B-F3C4-460E-AA19-EB72140DDAD0}.Debug|ARM.Deploy.0 = Debug|ARM
		{BA2CF21B-F3C4-460E-AA19-EB72140DDAD0}.Debug|ARM64.ActiveCfg = Debug|ARM64
		{BA2CF21B-F3C4-460E-AA19-EB72140DDAD0}.Debug|ARM64.Build.0 = Debug|ARM64
		{BA2CF21B-F3C4-460E-AA19-EB72140DDAD0}.Debug|ARM64.Deploy.0 = Debug|ARM64
		{BA2CF21B-F3C4-460E-AA19-EB72140DDAD0}.Debug|x64.ActiveCfg = Debug|x64
		{BA2CF21B-F3C4-460E-AA19-EB72140DDAD0}.Debug|x64.Build.0 = Debug|x64
		{BA2CF21B-F3C4-460E-AA19-EB72140DDAD0}.Debug|x64.Deploy.0 = Debug|x64
		{BA2CF21B-F3C4-460E-AA19-EB72140DDAD0}.Debug|x86.ActiveCfg = Debug|x86
		{BA2CF21B-F3C4-460E-AA19-EB72140DDAD0}.Debug|x86.Build.0 = Debug|x86
		{BA2CF21B-F3C4-460E-AA19-EB72140DDAD0}.Debug|x86.Deploy.0 = Debug|x86
		{BA2CF21B-F3C4-460E-AA19-EB72140DDAD0}.Release|Any CPU.ActiveCfg = Release|Any CPU
		{BA2CF21B-F3C4-460E-AA19-EB72140DDAD0}.Release|Any CPU.Build.0 = Release|Any CPU
		{BA2CF21B-F3C4-460E-AA19-EB72140DDAD0}.Release|Any CPU.Deploy.0 = Release|Any CPU
		{BA2CF21B-F3C4-460E-AA19-EB72140DDAD0}.Release|ARM.ActiveCfg = Release|ARM
		{BA2CF21B-F3C4-460E-AA19-EB72140DDAD0}.Release|ARM.Build.0 = Release|ARM
		{BA2CF21B-F3C4-460E-AA19-EB72140DDAD0}.Release|ARM.Deploy.0 = Release|ARM
		{BA2CF21B-F3C4-460E-AA19-EB72140DDAD0}.Release|ARM64.ActiveCfg = Release|ARM64
		{BA2CF21B-F3C4-460E-AA19-EB72140DDAD0}.Release|ARM64.Build.0 = Release|ARM64
		{BA2CF21B-F3C4-460E-AA19-EB72140DDAD0}.Release|ARM64.Deploy.0 = Release|ARM64
		{BA2CF21B-F3C4-460E-AA19-EB72140DDAD0}.Release|x64.ActiveCfg = Release|x64
		{BA2CF21B-F3C4-460E-AA19-EB72140DDAD0}.Release|x64.Build.0 = Release|x64
		{BA2CF21B-F3C4-460E-AA19-EB72140DDAD0}.Release|x64.Deploy.0 = Release|x64
		{BA2CF21B-F3C4-460E-AA19-EB72140DDAD0}.Release|x86.ActiveCfg = Release|x86
		{BA2CF21B-F3C4-460E-AA19-EB72140DDAD0}.Release|x86.Build.0 = Release|x86
		{BA2CF21B-F3C4-460E-AA19-EB72140DDAD0}.Release|x86.Deploy.0 = Release|x86
	EndGlobalSection
	GlobalSection(SolutionProperties) = preSolution
		HideSolutionNode = FALSE
	EndGlobalSection
	GlobalSection(ExtensibilityGlobals) = postSolution
		SolutionGuid = {544C18AE-347B-467A-A28C-37F4A53553AE}
	EndGlobalSection
EndGlobal
